<?xml version="1.0" encoding="UTF-8"?>
<CONFIG>
  <ProjectOptions>
    <Version Value="11"/>
    <PathDelim Value="\"/>
    <General>
      <SessionStorage Value="InProjectDir"/>
      <MainUnit Value="0"/>
      <Title Value="tools"/>
      <Scaled Value="True"/>
      <ResourceType Value="res"/>
      <UseXPManifest Value="True"/>
      <XPManifest>
        <DpiAware Value="True"/>
      </XPManifest>
      <Icon Value="0"/>
    </General>
    <BuildModes Count="1">
      <Item1 Name="Default" Default="True"/>
    </BuildModes>
    <PublishOptions>
      <Version Value="2"/>
      <UseFileFilters Value="True"/>
    </PublishOptions>
    <RunParams>
      <FormatVersion Value="2"/>
      <Modes Count="0"/>
    </RunParams>
    <RequiredPackages Count="3">
      <Item1>
        <PackageName Value="BGLControls"/>
      </Item1>
      <Item2>
        <PackageName Value="BGRABitmapPack"/>
      </Item2>
      <Item3>
        <PackageName Value="LCL"/>
      </Item3>
    </RequiredPackages>
    <Units Count="15">
      <Unit0>
        <Filename Value="tools.lpr"/>
        <IsPartOfProject Value="True"/>
      </Unit0>
      <Unit1>
        <Filename Value="start.pas"/>
        <IsPartOfProject Value="True"/>
        <ComponentName Value="Form1"/>
        <HasResources Value="True"/>
        <ResourceBaseClass Value="Form"/>
      </Unit1>
      <Unit2>
        <Filename Value="start.lfm"/>
        <IsPartOfProject Value="True"/>
      </Unit2>
      <Unit3>
        <Filename Value="uishareddomain.pas"/>
        <IsPartOfProject Value="True"/>
        <UnitName Value="UiSharedDomain"/>
      </Unit3>
      <Unit4>
        <Filename Value="xshareddictionary.pas"/>
        <IsPartOfProject Value="True"/>
        <UnitName Value="XSharedDictionary"/>
      </Unit4>
      <Unit5>
        <Filename Value="xshareddomain.pas"/>
        <IsPartOfProject Value="True"/>
        <UnitName Value="XSharedDomain"/>
      </Unit5>
      <Unit6>
        <Filename Value="beswissdelphi.pas"/>
        <IsPartOfProject Value="True"/>
        <UnitName Value="BeSwissDelphi"/>
      </Unit6>
      <Unit7>
        <Filename Value="xsharedendpoints.pas"/>
        <IsPartOfProject Value="True"/>
        <UnitName Value="XSharedEndpoints"/>
      </Unit7>
      <Unit8>
        <Filename Value="xchartsdomain.pas"/>
        <IsPartOfProject Value="True"/>
        <UnitName Value="XChartsDomain"/>
      </Unit8>
      <Unit9>
        <Filename Value="besharedhandlers.pas"/>
        <IsPartOfProject Value="True"/>
        <UnitName Value="BeSharedHandlers"/>
      </Unit9>
      <Unit10>
        <Filename Value="besharedsefrontend.pas"/>
        <IsPartOfProject Value="True"/>
        <UnitName Value="BeSharedSeFrontend"/>
      </Unit10>
      <Unit11>
        <Filename Value="besharedhelpers.pas"/>
        <IsPartOfProject Value="True"/>
        <UnitName Value="BeSharedHelpers"/>
      </Unit11>
      <Unit12>
        <Filename Value="uigraph.pas"/>
        <IsPartOfProject Value="True"/>
        <UnitName Value="UiGraph"/>
      </Unit12>
      <Unit13>
        <Filename Value="uichartspositions.lfm"/>
        <IsPartOfProject Value="True"/>
      </Unit13>
      <Unit14>
        <Filename Value="uichartspositions.pas"/>
        <IsPartOfProject Value="True"/>
        <ComponentName Value="FormChartsPositions"/>
        <HasResources Value="True"/>
        <ResourceBaseClass Value="Form"/>
        <UnitName Value="UiChartsPositions"/>
      </Unit14>
    </Units>
  </ProjectOptions>
  <CompilerOptions>
    <Version Value="11"/>
    <PathDelim Value="\"/>
    <Target>
      <Filename Value="tools"/>
    </Target>
    <SearchPaths>
      <IncludeFiles Value="$(ProjOutDir)"/>
      <UnitOutputDirectory Value="lib\$(TargetCPU)-$(TargetOS)"/>
    </SearchPaths>
    <Linking>
      <Options>
        <Win32>
          <GraphicApplication Value="True"/>
        </Win32>
      </Options>
    </Linking>
  </CompilerOptions>
  <Debugging>
    <Exceptions Count="3">
      <Item1>
        <Name Value="EAbort"/>
      </Item1>
      <Item2>
        <Name Value="ECodetoolError"/>
      </Item2>
      <Item3>
        <Name Value="EFOpenError"/>
      </Item3>
    </Exceptions>
  </Debugging>
</CONFIG>
